
Microsoft Visual Studio Solution File, Format Version 12.00
Project("{FAE04EC0-301F-11D3-BF4B-00C04F79EFBC}") = "Services", "Services\Services.csproj", "{F51E7213-0521-4ACD-A293-ED6165B38E3F}"
EndProject
Project("{FAE04EC0-301F-11D3-BF4B-00C04F79EFBC}") = "Model", "Model\Model.csproj", "{4CAD66A9-FDCE-428A-AFED-53D2ED5D2FB1}"
EndProject
Project("{FAE04EC0-301F-11D3-BF4B-00C04F79EFBC}") = "Infrastructure.EF", "Infrastructure.EF\Infrastructure.EF.csproj", "{7F2DF134-60A9-4FE9-A92C-90B69075E093}"
EndProject
Project("{FAE04EC0-301F-11D3-BF4B-00C04F79EFBC}") = "Application", "Application\Application.csproj", "{40555B93-BAD6-4794-BEA8-AD179ABAAB10}"
EndProject
Global
	GlobalSection(SolutionConfigurationPlatforms) = preSolution
		Debug|Any CPU = Debug|Any CPU
		Release|Any CPU = Release|Any CPU
	EndGlobalSection
	GlobalSection(ProjectConfigurationPlatforms) = postSolution
		{F51E7213-0521-4ACD-A293-ED6165B38E3F}.Debug|Any CPU.ActiveCfg = Debug|Any CPU
		{F51E7213-0521-4ACD-A293-ED6165B38E3F}.Debug|Any CPU.Build.0 = Debug|Any CPU
		{F51E7213-0521-4ACD-A293-ED6165B38E3F}.Release|Any CPU.ActiveCfg = Release|Any CPU
		{F51E7213-0521-4ACD-A293-ED6165B38E3F}.Release|Any CPU.Build.0 = Release|Any CPU
		{4CAD66A9-FDCE-428A-AFED-53D2ED5D2FB1}.Debug|Any CPU.ActiveCfg = Debug|Any CPU
		{4CAD66A9-FDCE-428A-AFED-53D2ED5D2FB1}.Debug|Any CPU.Build.0 = Debug|Any CPU
		{4CAD66A9-FDCE-428A-AFED-53D2ED5D2FB1}.Release|Any CPU.ActiveCfg = Release|Any CPU
		{4CAD66A9-FDCE-428A-AFED-53D2ED5D2FB1}.Release|Any CPU.Build.0 = Release|Any CPU
		{7F2DF134-60A9-4FE9-A92C-90B69075E093}.Debug|Any CPU.ActiveCfg = Debug|Any CPU
		{7F2DF134-60A9-4FE9-A92C-90B69075E093}.Debug|Any CPU.Build.0 = Debug|Any CPU
		{7F2DF134-60A9-4FE9-A92C-90B69075E093}.Release|Any CPU.ActiveCfg = Release|Any CPU
		{7F2DF134-60A9-4FE9-A92C-90B69075E093}.Release|Any CPU.Build.0 = Release|Any CPU
		{40555B93-BAD6-4794-BEA8-AD179ABAAB10}.Debug|Any CPU.ActiveCfg = Debug|Any CPU
		{40555B93-BAD6-4794-BEA8-AD179ABAAB10}.Debug|Any CPU.Build.0 = Debug|Any CPU
		{40555B93-BAD6-4794-BEA8-AD179ABAAB10}.Release|Any CPU.ActiveCfg = Release|Any CPU
		{40555B93-BAD6-4794-BEA8-AD179ABAAB10}.Release|Any CPU.Build.0 = Release|Any CPU
	EndGlobalSection
EndGlobal
